
Microsoft Visual Studio Solution File, Format Version 12.00
# Visual Studio Version 16
VisualStudioVersion = 16.0.29025.244
MinimumVisualStudioVersion = 10.0.40219.1
Project("{FAE04EC0-301F-11D3-BF4B-00C04F79EFBC}") = "Pharmacy_Task", "Pharmacy_Task\Pharmacy_Task.csproj", "{4E243D46-1C42-43B1-B2AE-84F2946884DC}"
EndProject
Global
	GlobalSection(SolutionConfigurationPlatforms) = preSolution
		Debug|Any CPU = Debug|Any CPU
		Release|Any CPU = Release|Any CPU
	EndGlobalSection
	GlobalSection(ProjectConfigurationPlatforms) = postSolution
		{4E243D46-1C42-43B1-B2AE-84F2946884DC}.Debug|Any CPU.ActiveCfg = Debug|Any CPU
		{4E243D46-1C42-43B1-B2AE-84F2946884DC}.Debug|Any CPU.Build.0 = Debug|Any CPU
		{4E243D46-1C42-43B1-B2AE-84F2946884DC}.Release|Any CPU.ActiveCfg = Release|Any CPU
		{4E243D46-1C42-43B1-B2AE-84F2946884DC}.Release|Any CPU.Build.0 = Release|Any CPU
	EndGlobalSection
	GlobalSection(SolutionProperties) = preSolution
		HideSolutionNode = FALSE
	EndGlobalSection
	GlobalSection(ExtensibilityGlobals) = postSolution
		SolutionGuid = {9F4DAAB5-B98F-4F52-B2ED-2F82A40A2AC5}
	EndGlobalSection
EndGlobal
